
Microsoft Visual Studio Solution File, Format Version 12.00
# Visual Studio 14
VisualStudioVersion = 14.0.24720.0
MinimumVisualStudioVersion = 10.0.40219.1
Project("{FAE04EC0-301F-11D3-BF4B-00C04F79EFBC}") = "LandscapeClassifier", "OrthoImageDEMViewer\LandscapeClassifier.csproj", "{7CD36126-B9F8-4733-BDAC-C2A74D5C0C6B}"
EndProject
Project("{FAE04EC0-301F-11D3-BF4B-00C04F79EFBC}") = "Selen.Wpf.Core", "Selen.Wpf.Core\Selen.Wpf.Core.csproj", "{C94C1BDD-11F9-4A3F-8929-86B1B67AE1D5}"
EndProject
Project("{FAE04EC0-301F-11D3-BF4B-00C04F79EFBC}") = "Selen.Wpf.GenericAppTree", "Selen.Wpf.GenericAppTree\Selen.Wpf.GenericAppTree.csproj", "{8615A3C0-298C-4B9D-8FFC-D5ACA466523D}"
EndProject
Project("{FAE04EC0-301F-11D3-BF4B-00C04F79EFBC}") = "Selen.Wpf.GenericAppTree.Contracts", "Selen.Wpf.GenericAppTree.Contracts\Selen.Wpf.GenericAppTree.Contracts.csproj", "{FC32AB02-5705-48E0-BCFD-78EB6C137AEB}"
EndProject
Project("{FAE04EC0-301F-11D3-BF4B-00C04F79EFBC}") = "Selen.Wpf.SystemStyles", "Selen.Wpf.SystemStyles\Selen.Wpf.SystemStyles.csproj", "{A468315F-FA11-4BC2-8E5F-EA3C48B24C74}"
EndProject
Global
	GlobalSection(SolutionConfigurationPlatforms) = preSolution
		Debug|Any CPU = Debug|Any CPU
		Release|Any CPU = Release|Any CPU
	EndGlobalSection
	GlobalSection(ProjectConfigurationPlatforms) = postSolution
		{7CD36126-B9F8-4733-BDAC-C2A74D5C0C6B}.Debug|Any CPU.ActiveCfg = Debug|Any CPU
		{7CD36126-B9F8-4733-BDAC-C2A74D5C0C6B}.Debug|Any CPU.Build.0 = Debug|Any CPU
		{7CD36126-B9F8-4733-BDAC-C2A74D5C0C6B}.Release|Any CPU.ActiveCfg = Release|Any CPU
		{7CD36126-B9F8-4733-BDAC-C2A74D5C0C6B}.Release|Any CPU.Build.0 = Release|Any CPU
		{C94C1BDD-11F9-4A3F-8929-86B1B67AE1D5}.Debug|Any CPU.ActiveCfg = Debug|Any CPU
		{C94C1BDD-11F9-4A3F-8929-86B1B67AE1D5}.Debug|Any CPU.Build.0 = Debug|Any CPU
		{C94C1BDD-11F9-4A3F-8929-86B1B67AE1D5}.Release|Any CPU.ActiveCfg = Release|Any CPU
		{C94C1BDD-11F9-4A3F-8929-86B1B67AE1D5}.Release|Any CPU.Build.0 = Release|Any CPU
		{8615A3C0-298C-4B9D-8FFC-D5ACA466523D}.Debug|Any CPU.ActiveCfg = Debug|Any CPU
		{8615A3C0-298C-4B9D-8FFC-D5ACA466523D}.Debug|Any CPU.Build.0 = Debug|Any CPU
		{8615A3C0-298C-4B9D-8FFC-D5ACA466523D}.Release|Any CPU.ActiveCfg = Release|Any CPU
		{8615A3C0-298C-4B9D-8FFC-D5ACA466523D}.Release|Any CPU.Build.0 = Release|Any CPU
		{FC32AB02-5705-48E0-BCFD-78EB6C137AEB}.Debug|Any CPU.ActiveCfg = Debug|Any CPU
		{FC32AB02-5705-48E0-BCFD-78EB6C137AEB}.Debug|Any CPU.Build.0 = Debug|Any CPU
		{FC32AB02-5705-48E0-BCFD-78EB6C137AEB}.Release|Any CPU.ActiveCfg = Release|Any CPU
		{FC32AB02-5705-48E0-BCFD-78EB6C137AEB}.Release|Any CPU.Build.0 = Release|Any CPU
		{A468315F-FA11-4BC2-8E5F-EA3C48B24C74}.Debug|Any CPU.ActiveCfg = Debug|Any CPU
		{A468315F-FA11-4BC2-8E5F-EA3C48B24C74}.Debug|Any CPU.Build.0 = Debug|Any CPU
		{A468315F-FA11-4BC2-8E5F-EA3C48B24C74}.Release|Any CPU.ActiveCfg = Release|Any CPU
		{A468315F-FA11-4BC2-8E5F-EA3C48B24C74}.Release|Any CPU.Build.0 = Release|Any CPU
	EndGlobalSection
	GlobalSection(SolutionProperties) = preSolution
		HideSolutionNode = FALSE
	EndGlobalSection
EndGlobal
